releases:
  io-harness/0.1.0: sha256:b99e26369816486cba8464a1c3c42186b073b619fe8e5c9e90b22d83f78f4fa3
  io-harness/0.2.0: sha256:765dd4aabf0389f0d9b214bb490bad602a4dab4bca1f7fddf179f85ec7e4284a
  io-harness/0.3.0: sha256:f34f1e43916778704e004f29fcef7d51a7af733882045f6175716cedf1c70246
  io-harness/0.4.0: sha256:eeb57844ad83b7a19a0eccdbb4dbb3d5fd716e7b6fd3a46f6df08b3cefcbbb96
  io-harness/0.5.0: sha256:083af6ad855060ae186a7398b2e09c34aac94442214a40c61fc349c50a65c0af
  io-harness/0.6.0: sha256:1ca2714dea557b03309de3c6d54cb01ea5f8a685b401f9d7079076117f3bfe36
  io-harness/0.7.0: sha256:b1067c2d522710ac12b28bdb0bf0acad280e00f2f166adccedaf3bc91ce917f1
  io-harness/0.8.0: sha256:b7ff056afbd66d3fab91ba4873f0f9ff09099479755969c877c7146653de5e8a
  io-harness/0.8.1: sha256:07651f2344512838ef2087fe07c9f03ac292fc1945fafda85871405581845afa
  io-harness/0.9.0: sha256:1b2edfa38e50ed449fd34bdb9f0a31e7af19fc9797f4837d8ed32b37e1a1f43a
  io-harness/0.9.1: sha256:51cd9bb4d24ad899ffa74e2ea9fb197bd467eef597c07e581c3c112a41cbabc4
  io-harness/0.10.0: sha256:ecf08e159edba7118841697aceedf6bbfdb76135ff5d73dbb20bab96ed386576
  io-harness/0.11.0: sha256:b45e1f371913b58889a73360ad4b3a100f5bac8b84c48c17859b6feca9d1adfe
  io-harness/0.12.0: sha256:81438fb291804e1c1d1eeb2b77c725c02874a26a673f594293626c4bc94296aa
  io-harness/0.13.0: sha256:952080e2138bd3099e21ccb2b208e074dc157a1d5b2e4cdfae87639052e951a2
  io-harness/0.14.0: sha256:c650061c2e423e50168994573d2e937d6d698cbb8fa49d1f709cad2386d56156
  io-harness/0.15.0: sha256:a40963a7ec7c16cd81d094e47f485f14ba9b77f57e445fd4d030fe7cf189208e
  io-harness/0.16.0: sha256:6d833678e4a059eff87585df18fbf77bdb7cbbbf3e5a13b553f9fc163e47385f
  io-harness/0.16.1: sha256:222501ee0311da196e431be8ad622e1b9a390c58617d759e2ca8b9d44493b7b5
  io-harness/0.16.2: sha256:1af5c0a56f61198136afb314487a0ad2f97de24b9cc8f8c855a509fd0e1d3f48
  io-harness/0.17.0: sha256:da2cc76dc706fae11dad19365804757f0a64c3a66856a15579acf0917f82915d
  io-harness/0.18.0: sha256:957584e70600b55fee85e50cec701040e405ff9d4d29150c8574cc175b551f26
  io-harness/0.19.0: sha256:661a8989d157e26d45e3783a6cd05bf4950e32db58f1390628c379a8fdc6bfb8
  io-harness/0.20.0: sha256:15c9099079aa4b5b920b3725bf62dff5459e093ad675cab6bed8508db4b23f81
  io-harness/0.21.0: sha256:91e1b7737511768729d9fef30f995d5ab7b0fc6d19f8269c4c117111c097cdbd
  io-harness/0.22.0: sha256:f16be8668fe14970ec5b11d4675163d02d7de8a17e039ec43929f6148a064695
  io-harness/0.23.0: sha256:559bb678769eb6c046e85eb712743073939c5fc067f940770e958ad7f63abd71
  io-harness/0.24.0: sha256:fe15355d4db3e82c9041c428f1759bca72b4d3e85b176ed708a92a6962a629eb
  io-harness/0.25.0: sha256:9e09e8e726c66d834f3f63b1d014acabcffa8928a03e280c8c258114354af51f
  io-harness/0.26.0: sha256:67c0a40c6f83223d6ee3f3b9593cc61a316221e33f1b391a2a1ca394fcfb6950
  io-harness/0.27.0: sha256:9e8d94e48a0ad3902661d4312067989f0950346bd4fd99df82d4161bca6f439a
  io-harness/0.28.0: sha256:35ffb7615402ca93e46e542a349e7281361509ebbcfadb58ce4da83a343efc3c
  io-harness/0.29.0: sha256:61c4f1d790dea00d2b3cc379547145490cc0988921fef12a513a920c1aed8532
  io-harness/0.30.0: sha256:926a25b18eff29277ec6feb8622f2fc52e54d8213fa3648f4259a4bed30e372c
  io-harness/0.31.0: sha256:b0455f744beee6a24c461cf9cf630a1bf0189af52b43408f6bfc474fa6a40ab9
  io-harness/0.32.0: sha256:1389ec65a7adc49c18e57f27f1fb4a1636f7304e921187f712270406b3c36b84
  io-harness/0.33.0: sha256:73a515e20142ec13e42ad766418d102832825e93369d11fa010fe0b225c1f9c6
  io-harness/0.34.0: sha256:d4990596c6fd323c7d2b647cefb1b3d4d34257662fb07b83315bc44699e98170
  io-harness/0.35.0: sha256:87581bebe5cab96119494d621bc3e796858151003d5e2750ae141c77ffd12c29
  io-harness/0.36.0: sha256:192650c0b9495224b5fd1eb8e37a60d9bb514817cd66de42807e47cc30b305a3
  io-harness/0.36.1: sha256:939079ccbe4089cfc7f1b3a9084df9e2d134fc7cfc3d97449e64d6f43a80cca0
  io-harness/0.37.0: sha256:80b7c11b181456ec4d8a0748303f04b29d95960683fddba89c198d5317830fff
  io-harness/0.38.0: sha256:76b85c21881ac90aababf5a811f07619b4c137b9a60b300692ac570430934366
  io-harness/0.39.0: sha256:68afd3ff2e9b96a7b1e5e75c07c6a280163156b3a1ead39155c77bc8429a9739
  io-harness/0.40.0: sha256:833d2d90c48191427c4e53f2492629cf0da18ac8d7d737a02dc7db8c6aa4f3b9
  io-harness/0.41.0: sha256:cb0c282e2449b580a1e1a36a21efb8b015a122803d6a105d183c42fa1db2c366
  io-harness/0.42.0: sha256:d41fa7354a55416c796ed55f28ab741151627f01f48dc310ffe73820f60692fd
  io-harness/0.43.0: sha256:1306aecd029e38fcdc56b9bef1ca34aa4e5803c51eb500bbba49c270960b8c06
  io-harness/0.44.0: sha256:e15a9750f0e48608f6d45b9946a80e740baef0b08593715eff5c6bfc91f9148a
  io-harness/0.45.0: sha256:728f4e987ce3456184155945377924f64dc77f8d064040d26ba29d81cd6892bc
  io-harness/0.46.0: sha256:3280ebc4c5fd8a5c93a942187f348743666584674a18920436d77a3ed2ab2d2f
  io-harness/0.47.0: sha256:90be9f327057178ff0cbdc95395d09c0568b82ada28870ca2dcdac78d7aae871
  io-harness/0.48.0: sha256:ba9e85b61065726c4506d69df00e949f51ccfbc301b0f6dfe9f8f2f1b8548aca
  io-harness/0.49.0: sha256:227a15f454f9d016582ae4d239233b856169258d16e744e08514fbf9e03fc60a
  io-harness/0.50.0: sha256:5aeca05621d499a61cadf2a32f5ef7b742d79e30b09455b9ec9bfada0d5e56fd
  io-harness/0.51.0: sha256:3a9d3de6d1b695d48fcc2acf24688d51b48a2e3ceda6a24db26a81bf8a6e314b
  io-harness/0.52.0: sha256:95c27051ca0c0994c3940b245edd365e7a13d5e163c87ce5be5b7138b16d09dc
  io-harness/0.53.0: sha256:73236dd287e10c6e68ecbf913c7438ec45f31de2768add5b5ab2964e16107cf8
  io-harness/0.54.0: sha256:8dff5b9f84de9c68d9565fb455dba0bfceeb8842b7c7b3e84d56faf8eb8418d7
  io-harness/0.55.0: sha256:fc0251823cb1f4f3c35335f14943c82959ea2ab5186d01c706b39295b46ba1e6
  io-harness/0.56.0: sha256:e9c1a7bd6c51e02e2a6660d1313a3b1b4da251f4387a50dd4cd3c0d8e62de630
  io-harness/0.57.0: sha256:ec5b03f7abea1e1f2e7661c0e1ddb504567769d1f3f64dbbe68fd6a8e4631ebb
  io-harness/0.58.0: sha256:feca4a8aa0a62776dd14a35a349aad433d3cd894fcb71309b444f354a312749b
  io-harness/0.59.0: sha256:65feca3913e5306bbb12135188a6ab09a36e9078ad86944a0a1eee7ba4c24b03
  io-harness/0.60.0: sha256:f2766b03fe3dfd949f87103655f1367e1fa0b6ac1800385ba466a9cbc8f89a1a
  io-harness/0.60.1: sha256:88e12fdb6debd0f481139e35ccaae69ceeb92d7c4879a27a616bc7167123ed06
