releases:
  io-harness/0.1.0: sha256:b99e26369816486cba8464a1c3c42186b073b619fe8e5c9e90b22d83f78f4fa3
  io-harness/0.2.0: sha256:765dd4aabf0389f0d9b214bb490bad602a4dab4bca1f7fddf179f85ec7e4284a
  io-harness/0.3.0: sha256:f34f1e43916778704e004f29fcef7d51a7af733882045f6175716cedf1c70246
  io-harness/0.4.0: sha256:eeb57844ad83b7a19a0eccdbb4dbb3d5fd716e7b6fd3a46f6df08b3cefcbbb96
  io-harness/0.5.0: sha256:083af6ad855060ae186a7398b2e09c34aac94442214a40c61fc349c50a65c0af
  io-harness/0.6.0: sha256:1ca2714dea557b03309de3c6d54cb01ea5f8a685b401f9d7079076117f3bfe36
  io-harness/0.7.0: sha256:b1067c2d522710ac12b28bdb0bf0acad280e00f2f166adccedaf3bc91ce917f1
  io-harness/0.8.0: sha256:b7ff056afbd66d3fab91ba4873f0f9ff09099479755969c877c7146653de5e8a
  io-harness/0.8.1: sha256:07651f2344512838ef2087fe07c9f03ac292fc1945fafda85871405581845afa
  io-harness/0.9.0: sha256:1b2edfa38e50ed449fd34bdb9f0a31e7af19fc9797f4837d8ed32b37e1a1f43a
  io-harness/0.9.1: sha256:51cd9bb4d24ad899ffa74e2ea9fb197bd467eef597c07e581c3c112a41cbabc4
  io-harness/0.10.0: sha256:ecf08e159edba7118841697aceedf6bbfdb76135ff5d73dbb20bab96ed386576
  io-harness/0.11.0: sha256:b45e1f371913b58889a73360ad4b3a100f5bac8b84c48c17859b6feca9d1adfe
  io-harness/0.12.0: sha256:81438fb291804e1c1d1eeb2b77c725c02874a26a673f594293626c4bc94296aa
  io-harness/0.13.0: sha256:952080e2138bd3099e21ccb2b208e074dc157a1d5b2e4cdfae87639052e951a2
  io-harness/0.14.0: sha256:c650061c2e423e50168994573d2e937d6d698cbb8fa49d1f709cad2386d56156
  io-harness/0.15.0: sha256:a40963a7ec7c16cd81d094e47f485f14ba9b77f57e445fd4d030fe7cf189208e
  io-harness/0.16.0: sha256:6d833678e4a059eff87585df18fbf77bdb7cbbbf3e5a13b553f9fc163e47385f
  io-harness/0.16.1: sha256:222501ee0311da196e431be8ad622e1b9a390c58617d759e2ca8b9d44493b7b5
  io-harness/0.16.2: sha256:1af5c0a56f61198136afb314487a0ad2f97de24b9cc8f8c855a509fd0e1d3f48
  io-harness/0.17.0: sha256:da2cc76dc706fae11dad19365804757f0a64c3a66856a15579acf0917f82915d
  io-harness/0.18.0: sha256:957584e70600b55fee85e50cec701040e405ff9d4d29150c8574cc175b551f26
  io-harness/0.19.0: sha256:661a8989d157e26d45e3783a6cd05bf4950e32db58f1390628c379a8fdc6bfb8
  io-harness/0.20.0: sha256:15c9099079aa4b5b920b3725bf62dff5459e093ad675cab6bed8508db4b23f81
  io-harness/0.21.0: sha256:91e1b7737511768729d9fef30f995d5ab7b0fc6d19f8269c4c117111c097cdbd
  io-harness/0.22.0: sha256:f16be8668fe14970ec5b11d4675163d02d7de8a17e039ec43929f6148a064695
  io-harness/0.23.0: sha256:559bb678769eb6c046e85eb712743073939c5fc067f940770e958ad7f63abd71
  io-harness/0.24.0: sha256:fe15355d4db3e82c9041c428f1759bca72b4d3e85b176ed708a92a6962a629eb
  io-harness/0.25.0: sha256:9e09e8e726c66d834f3f63b1d014acabcffa8928a03e280c8c258114354af51f
  io-harness/0.26.0: sha256:67c0a40c6f83223d6ee3f3b9593cc61a316221e33f1b391a2a1ca394fcfb6950
  io-harness/0.27.0: sha256:9e8d94e48a0ad3902661d4312067989f0950346bd4fd99df82d4161bca6f439a
  io-harness/0.28.0: sha256:35ffb7615402ca93e46e542a349e7281361509ebbcfadb58ce4da83a343efc3c
  io-harness/0.29.0: sha256:61c4f1d790dea00d2b3cc379547145490cc0988921fef12a513a920c1aed8532
  io-harness/0.30.0: sha256:926a25b18eff29277ec6feb8622f2fc52e54d8213fa3648f4259a4bed30e372c
